
Microsoft Visual Studio Solution File, Format Version 12.00
# Visual Studio Version 17
VisualStudioVersion = 17.9.34622.214
MinimumVisualStudioVersion = 10.0.40219.1
Project("{FAE04EC0-301F-11D3-BF4B-00C04F79EFBC}") = "CoffeeShop1", "CoffeeShop1.csproj", "{CD8B41E1-2EF3-4F2D-B70C-AAE97A508CD6}"
EndProject
Global
	GlobalSection(SolutionConfigurationPlatforms) = preSolution
		Debug|Any CPU = Debug|Any CPU
		Release|Any CPU = Release|Any CPU
	EndGlobalSection
	GlobalSection(ProjectConfigurationPlatforms) = postSolution
		{CD8B41E1-2EF3-4F2D-B70C-AAE97A508CD6}.Debug|Any CPU.ActiveCfg = Debug|Any CPU
		{CD8B41E1-2EF3-4F2D-B70C-AAE97A508CD6}.Debug|Any CPU.Build.0 = Debug|Any CPU
		{CD8B41E1-2EF3-4F2D-B70C-AAE97A508CD6}.Release|Any CPU.ActiveCfg = Release|Any CPU
		{CD8B41E1-2EF3-4F2D-B70C-AAE97A508CD6}.Release|Any CPU.Build.0 = Release|Any CPU
	EndGlobalSection
	GlobalSection(SolutionProperties) = preSolution
		HideSolutionNode = FALSE
	EndGlobalSection
	GlobalSection(ExtensibilityGlobals) = postSolution
		SolutionGuid = {9E4555E6-E195-41C6-8B4D-B2626D8BDE7A}
	EndGlobalSection
EndGlobal
